
Microsoft Visual Studio Solution File, Format Version 12.00
# Visual Studio 15
VisualStudioVersion = 15.0.28307.960
MinimumVisualStudioVersion = 10.0.40219.1
Project("{9A19103F-16F7-4668-BE54-9A1E7A4F7556}") = "RootFileReader", "RootFileReader\RootFileReader.csproj", "{3D7BBDCF-00C0-4208-9438-70ECB8E27509}"
EndProject
Project("{2150E333-8FDC-42A3-9474-1A3956D46DE8}") = "Resources", "Resources", "{732B654B-37DD-4F4F-91F7-B95A6C3DFF91}"
	ProjectSection(SolutionItems) = preProject
		README.md = README.md
		TestInput.txt = TestInput.txt
		TestInput2.txt = TestInput2.txt
	EndProjectSection
EndProject
Project("{9A19103F-16F7-4668-BE54-9A1E7A4F7556}") = "RootFileReaderTests", "RootFileReaderTests\RootFileReaderTests.csproj", "{6F8A5173-F4BE-452D-B246-F36CB76BC600}"
EndProject
Global
	GlobalSection(SolutionConfigurationPlatforms) = preSolution
		Debug|Any CPU = Debug|Any CPU
		Release|Any CPU = Release|Any CPU
	EndGlobalSection
	GlobalSection(ProjectConfigurationPlatforms) = postSolution
		{3D7BBDCF-00C0-4208-9438-70ECB8E27509}.Debug|Any CPU.ActiveCfg = Debug|Any CPU
		{3D7BBDCF-00C0-4208-9438-70ECB8E27509}.Debug|Any CPU.Build.0 = Debug|Any CPU
		{3D7BBDCF-00C0-4208-9438-70ECB8E27509}.Release|Any CPU.ActiveCfg = Release|Any CPU
		{3D7BBDCF-00C0-4208-9438-70ECB8E27509}.Release|Any CPU.Build.0 = Release|Any CPU
		{6F8A5173-F4BE-452D-B246-F36CB76BC600}.Debug|Any CPU.ActiveCfg = Debug|Any CPU
		{6F8A5173-F4BE-452D-B246-F36CB76BC600}.Debug|Any CPU.Build.0 = Debug|Any CPU
		{6F8A5173-F4BE-452D-B246-F36CB76BC600}.Release|Any CPU.ActiveCfg = Release|Any CPU
		{6F8A5173-F4BE-452D-B246-F36CB76BC600}.Release|Any CPU.Build.0 = Release|Any CPU
	EndGlobalSection
	GlobalSection(SolutionProperties) = preSolution
		HideSolutionNode = FALSE
	EndGlobalSection
	GlobalSection(ExtensibilityGlobals) = postSolution
		SolutionGuid = {A30B611B-F588-46CB-8C16-E582C5B0D75C}
	EndGlobalSection
EndGlobal
